
Microsoft Visual Studio Solution File, Format Version 12.00
# Visual Studio Version 17
VisualStudioVersion = 17.11.35219.272
MinimumVisualStudioVersion = 10.0.40219.1
Project("{FAE04EC0-301F-11D3-BF4B-00C04F79EFBC}") = "Booking-Airline", "Booking-Airline\Booking-Airline.csproj", "{B84DDB93-7386-4144-B627-53756457CEEE}"
EndProject
Global
	GlobalSection(SolutionConfigurationPlatforms) = preSolution
		Debug|Any CPU = Debug|Any CPU
		Release|Any CPU = Release|Any CPU
	EndGlobalSection
	GlobalSection(ProjectConfigurationPlatforms) = postSolution
		{B84DDB93-7386-4144-B627-53756457CEEE}.Debug|Any CPU.ActiveCfg = Debug|Any CPU
		{B84DDB93-7386-4144-B627-53756457CEEE}.Debug|Any CPU.Build.0 = Debug|Any CPU
		{B84DDB93-7386-4144-B627-53756457CEEE}.Release|Any CPU.ActiveCfg = Release|Any CPU
		{B84DDB93-7386-4144-B627-53756457CEEE}.Release|Any CPU.Build.0 = Release|Any CPU
	EndGlobalSection
	GlobalSection(SolutionProperties) = preSolution
		HideSolutionNode = FALSE
	EndGlobalSection
	GlobalSection(ExtensibilityGlobals) = postSolution
		SolutionGuid = {39DA37F2-F9E5-4AE4-A9F2-AB66BDFDA86E}
	EndGlobalSection
EndGlobal
